
Microsoft Visual Studio Solution File, Format Version 12.00
# Visual Studio Version 16
VisualStudioVersion = 16.0.31410.357
MinimumVisualStudioVersion = 10.0.40219.1
Project("{FAE04EC0-301F-11D3-BF4B-00C04F79EFBC}") = "ApiRest.WebApi", "ApiRest.WebApi\ApiRest.WebApi.csproj", "{12B1DEAC-FCFE-47FD-8DBD-31675AEC5780}"
EndProject
Project("{FAE04EC0-301F-11D3-BF4B-00C04F79EFBC}") = "ApiRest.Application", "ApiRest.Application\ApiRest.Application.csproj", "{D8668682-F489-4A7C-8B4E-3D48AC9E651B}"
EndProject
Project("{FAE04EC0-301F-11D3-BF4B-00C04F79EFBC}") = "ApiRest.Entities", "ApiRest.Entities\ApiRest.Entities.csproj", "{49695EAB-8470-4E59-B2DE-9FB9B3571E33}"
EndProject
Project("{FAE04EC0-301F-11D3-BF4B-00C04F79EFBC}") = "ApiRest.Repository", "ApiRest.Repository\ApiRest.Repository.csproj", "{F6D71EF4-6EC2-4BAD-BDEA-601E9C503855}"
EndProject
Project("{FAE04EC0-301F-11D3-BF4B-00C04F79EFBC}") = "ApiRest.DataAccess", "ApiRest.DataAccess\ApiRest.DataAccess.csproj", "{8E9798E7-24EE-4EFE-803A-7E5F0036F1DE}"
EndProject
Project("{FAE04EC0-301F-11D3-BF4B-00C04F79EFBC}") = "ApiRest.Services", "ApiRest.Services\ApiRest.Services.csproj", "{71F9DBB3-849E-4FEF-990F-E65A1B6C4F4C}"
EndProject
Project("{FAE04EC0-301F-11D3-BF4B-00C04F79EFBC}") = "ApiRest.Abstractions", "ApiRest.Abstractions\ApiRest.Abstractions.csproj", "{CD43BEDC-523C-4FF8-9522-9B2F742363A9}"
EndProject
Global
	GlobalSection(SolutionConfigurationPlatforms) = preSolution
		Debug|Any CPU = Debug|Any CPU
		Release|Any CPU = Release|Any CPU
	EndGlobalSection
	GlobalSection(ProjectConfigurationPlatforms) = postSolution
		{12B1DEAC-FCFE-47FD-8DBD-31675AEC5780}.Debug|Any CPU.ActiveCfg = Debug|Any CPU
		{12B1DEAC-FCFE-47FD-8DBD-31675AEC5780}.Debug|Any CPU.Build.0 = Debug|Any CPU
		{12B1DEAC-FCFE-47FD-8DBD-31675AEC5780}.Release|Any CPU.ActiveCfg = Release|Any CPU
		{12B1DEAC-FCFE-47FD-8DBD-31675AEC5780}.Release|Any CPU.Build.0 = Release|Any CPU
		{D8668682-F489-4A7C-8B4E-3D48AC9E651B}.Debug|Any CPU.ActiveCfg = Debug|Any CPU
		{D8668682-F489-4A7C-8B4E-3D48AC9E651B}.Debug|Any CPU.Build.0 = Debug|Any CPU
		{D8668682-F489-4A7C-8B4E-3D48AC9E651B}.Release|Any CPU.ActiveCfg = Release|Any CPU
		{D8668682-F489-4A7C-8B4E-3D48AC9E651B}.Release|Any CPU.Build.0 = Release|Any CPU
		{49695EAB-8470-4E59-B2DE-9FB9B3571E33}.Debug|Any CPU.ActiveCfg = Debug|Any CPU
		{49695EAB-8470-4E59-B2DE-9FB9B3571E33}.Debug|Any CPU.Build.0 = Debug|Any CPU
		{49695EAB-8470-4E59-B2DE-9FB9B3571E33}.Release|Any CPU.ActiveCfg = Release|Any CPU
		{49695EAB-8470-4E59-B2DE-9FB9B3571E33}.Release|Any CPU.Build.0 = Release|Any CPU
		{F6D71EF4-6EC2-4BAD-BDEA-601E9C503855}.Debug|Any CPU.ActiveCfg = Debug|Any CPU
		{F6D71EF4-6EC2-4BAD-BDEA-601E9C503855}.Debug|Any CPU.Build.0 = Debug|Any CPU
		{F6D71EF4-6EC2-4BAD-BDEA-601E9C503855}.Release|Any CPU.ActiveCfg = Release|Any CPU
		{F6D71EF4-6EC2-4BAD-BDEA-601E9C503855}.Release|Any CPU.Build.0 = Release|Any CPU
		{8E9798E7-24EE-4EFE-803A-7E5F0036F1DE}.Debug|Any CPU.ActiveCfg = Debug|Any CPU
		{8E9798E7-24EE-4EFE-803A-7E5F0036F1DE}.Debug|Any CPU.Build.0 = Debug|Any CPU
		{8E9798E7-24EE-4EFE-803A-7E5F0036F1DE}.Release|Any CPU.ActiveCfg = Release|Any CPU
		{8E9798E7-24EE-4EFE-803A-7E5F0036F1DE}.Release|Any CPU.Build.0 = Release|Any CPU
		{71F9DBB3-849E-4FEF-990F-E65A1B6C4F4C}.Debug|Any CPU.ActiveCfg = Debug|Any CPU
		{71F9DBB3-849E-4FEF-990F-E65A1B6C4F4C}.Debug|Any CPU.Build.0 = Debug|Any CPU
		{71F9DBB3-849E-4FEF-990F-E65A1B6C4F4C}.Release|Any CPU.ActiveCfg = Release|Any CPU
		{71F9DBB3-849E-4FEF-990F-E65A1B6C4F4C}.Release|Any CPU.Build.0 = Release|Any CPU
		{CD43BEDC-523C-4FF8-9522-9B2F742363A9}.Debug|Any CPU.ActiveCfg = Debug|Any CPU
		{CD43BEDC-523C-4FF8-9522-9B2F742363A9}.Debug|Any CPU.Build.0 = Debug|Any CPU
		{CD43BEDC-523C-4FF8-9522-9B2F742363A9}.Release|Any CPU.ActiveCfg = Release|Any CPU
		{CD43BEDC-523C-4FF8-9522-9B2F742363A9}.Release|Any CPU.Build.0 = Release|Any CPU
	EndGlobalSection
	GlobalSection(SolutionProperties) = preSolution
		HideSolutionNode = FALSE
	EndGlobalSection
	GlobalSection(ExtensibilityGlobals) = postSolution
		SolutionGuid = {946ED192-BDB5-4FFE-98A8-69B817EFAA3F}
	EndGlobalSection
EndGlobal
